
Microsoft Visual Studio Solution File, Format Version 12.00
# Visual Studio 15
VisualStudioVersion = 15.0.27703.2026
MinimumVisualStudioVersion = 10.0.40219.1
Project("{9A19103F-16F7-4668-BE54-9A1E7A4F7556}") = "ScrumPm", "ScrumPm\ScrumPm.csproj", "{43F1AAE0-2D7F-412A-857D-CE3CE8B5E0C2}"
EndProject
Project("{9A19103F-16F7-4668-BE54-9A1E7A4F7556}") = "ScrumPm.Domain", "ScrumPm.Domain\ScrumPm.Domain.csproj", "{6AFF1C2B-CA33-4144-901E-15B7DF5BD50D}"
EndProject
Project("{9A19103F-16F7-4668-BE54-9A1E7A4F7556}") = "ScrumPm.Application", "ScrumPm.Application\ScrumPm.Application.csproj", "{ADB114D7-4303-496D-AB7E-84A970A07A23}"
EndProject
Project("{9A19103F-16F7-4668-BE54-9A1E7A4F7556}") = "ScrumPm.Persistence", "ScrumPm.Persistance\ScrumPm.Persistence.csproj", "{784F14BA-E87E-4CD3-8FD2-3762A1324A4A}"
EndProject
Project("{9A19103F-16F7-4668-BE54-9A1E7A4F7556}") = "ScrumPm.Common.Logging", "ScrumPm.Common.Logging\ScrumPm.Common.Logging.csproj", "{AC39CB11-E5E2-4A8A-9DE7-56AB134E0399}"
EndProject
Project("{9A19103F-16F7-4668-BE54-9A1E7A4F7556}") = "ScrumPmApi", "ScrumPmApi\ScrumPmApi.csproj", "{AA2C3E1C-43A7-4935-A6FA-42B0C7DF58FD}"
EndProject
Project("{9A19103F-16F7-4668-BE54-9A1E7A4F7556}") = "ScrumPm.AspNetCore.Common", "ScrumPm.AspNetCore.Common\ScrumPm.AspNetCore.Common.csproj", "{C4E96365-6E63-4EAA-987E-BEA64208FCF3}"
EndProject
Project("{9A19103F-16F7-4668-BE54-9A1E7A4F7556}") = "ScrumPm.Application.Tests.Unit", "ScrumPm.Application.Tests.Unit\ScrumPm.Application.Tests.Unit.csproj", "{72ACC42E-7808-407C-9B3C-980083F47C73}"
EndProject
Project("{2150E333-8FDC-42A3-9474-1A3956D46DE8}") = "1.Presentation", "1.Presentation", "{517DF60D-A6F7-4AD9-8EC3-7239CB6A18F6}"
EndProject
Project("{2150E333-8FDC-42A3-9474-1A3956D46DE8}") = "2.Application", "2.Application", "{F6254238-373C-49CF-9538-EC4C0FEDE15D}"
EndProject
Project("{2150E333-8FDC-42A3-9474-1A3956D46DE8}") = "3.Domain", "3.Domain", "{15F07032-3245-47A8-B9C2-821256EBC784}"
EndProject
Project("{2150E333-8FDC-42A3-9474-1A3956D46DE8}") = "4.Infrastructure", "4.Infrastructure", "{7028FF97-5247-4D99-B0C3-49CD42E56186}"
EndProject
Project("{2150E333-8FDC-42A3-9474-1A3956D46DE8}") = "5.Crosscutting", "5.Crosscutting", "{CA23D103-3D24-4CA3-961F-091028FB69A1}"
EndProject
Project("{9A19103F-16F7-4668-BE54-9A1E7A4F7556}") = "ScrumPm.Domain.Common", "ScrumPm.Domain.Common\ScrumPm.Domain.Common.csproj", "{D004005D-59E3-4947-9FB3-749F90F50587}"
EndProject
Project("{9A19103F-16F7-4668-BE54-9A1E7A4F7556}") = "ScrumPm.Persistence.Common", "ScrumPm.Persistence.Common\ScrumPm.Persistence.Common.csproj", "{1DFF5A47-C7BF-4DD8-8C66-3203B9BF42FD}"
EndProject
Project("{FAE04EC0-301F-11D3-BF4B-00C04F79EFBC}") = "ScrumPm.Domain.NetCore", "ScrumPm.Domain.NetCore\ScrumPm.Domain.NetCore.csproj", "{13E4AA58-2D93-4677-B1FC-BC0F4F4B6A66}"
EndProject
Global
	GlobalSection(SolutionConfigurationPlatforms) = preSolution
		Debug|Any CPU = Debug|Any CPU
		Release|Any CPU = Release|Any CPU
	EndGlobalSection
	GlobalSection(ProjectConfigurationPlatforms) = postSolution
		{43F1AAE0-2D7F-412A-857D-CE3CE8B5E0C2}.Debug|Any CPU.ActiveCfg = Debug|Any CPU
		{43F1AAE0-2D7F-412A-857D-CE3CE8B5E0C2}.Debug|Any CPU.Build.0 = Debug|Any CPU
		{43F1AAE0-2D7F-412A-857D-CE3CE8B5E0C2}.Release|Any CPU.ActiveCfg = Release|Any CPU
		{43F1AAE0-2D7F-412A-857D-CE3CE8B5E0C2}.Release|Any CPU.Build.0 = Release|Any CPU
		{6AFF1C2B-CA33-4144-901E-15B7DF5BD50D}.Debug|Any CPU.ActiveCfg = Debug|Any CPU
		{6AFF1C2B-CA33-4144-901E-15B7DF5BD50D}.Debug|Any CPU.Build.0 = Debug|Any CPU
		{6AFF1C2B-CA33-4144-901E-15B7DF5BD50D}.Release|Any CPU.ActiveCfg = Release|Any CPU
		{6AFF1C2B-CA33-4144-901E-15B7DF5BD50D}.Release|Any CPU.Build.0 = Release|Any CPU
		{ADB114D7-4303-496D-AB7E-84A970A07A23}.Debug|Any CPU.ActiveCfg = Debug|Any CPU
		{ADB114D7-4303-496D-AB7E-84A970A07A23}.Debug|Any CPU.Build.0 = Debug|Any CPU
		{ADB114D7-4303-496D-AB7E-84A970A07A23}.Release|Any CPU.ActiveCfg = Release|Any CPU
		{ADB114D7-4303-496D-AB7E-84A970A07A23}.Release|Any CPU.Build.0 = Release|Any CPU
		{784F14BA-E87E-4CD3-8FD2-3762A1324A4A}.Debug|Any CPU.ActiveCfg = Debug|Any CPU
		{784F14BA-E87E-4CD3-8FD2-3762A1324A4A}.Debug|Any CPU.Build.0 = Debug|Any CPU
		{784F14BA-E87E-4CD3-8FD2-3762A1324A4A}.Release|Any CPU.ActiveCfg = Release|Any CPU
		{784F14BA-E87E-4CD3-8FD2-3762A1324A4A}.Release|Any CPU.Build.0 = Release|Any CPU
		{AC39CB11-E5E2-4A8A-9DE7-56AB134E0399}.Debug|Any CPU.ActiveCfg = Debug|Any CPU
		{AC39CB11-E5E2-4A8A-9DE7-56AB134E0399}.Debug|Any CPU.Build.0 = Debug|Any CPU
		{AC39CB11-E5E2-4A8A-9DE7-56AB134E0399}.Release|Any CPU.ActiveCfg = Release|Any CPU
		{AC39CB11-E5E2-4A8A-9DE7-56AB134E0399}.Release|Any CPU.Build.0 = Release|Any CPU
		{AA2C3E1C-43A7-4935-A6FA-42B0C7DF58FD}.Debug|Any CPU.ActiveCfg = Debug|Any CPU
		{AA2C3E1C-43A7-4935-A6FA-42B0C7DF58FD}.Debug|Any CPU.Build.0 = Debug|Any CPU
		{AA2C3E1C-43A7-4935-A6FA-42B0C7DF58FD}.Release|Any CPU.ActiveCfg = Release|Any CPU
		{AA2C3E1C-43A7-4935-A6FA-42B0C7DF58FD}.Release|Any CPU.Build.0 = Release|Any CPU
		{C4E96365-6E63-4EAA-987E-BEA64208FCF3}.Debug|Any CPU.ActiveCfg = Debug|Any CPU
		{C4E96365-6E63-4EAA-987E-BEA64208FCF3}.Debug|Any CPU.Build.0 = Debug|Any CPU
		{C4E96365-6E63-4EAA-987E-BEA64208FCF3}.Release|Any CPU.ActiveCfg = Release|Any CPU
		{C4E96365-6E63-4EAA-987E-BEA64208FCF3}.Release|Any CPU.Build.0 = Release|Any CPU
		{72ACC42E-7808-407C-9B3C-980083F47C73}.Debug|Any CPU.ActiveCfg = Debug|Any CPU
		{72ACC42E-7808-407C-9B3C-980083F47C73}.Debug|Any CPU.Build.0 = Debug|Any CPU
		{72ACC42E-7808-407C-9B3C-980083F47C73}.Release|Any CPU.ActiveCfg = Release|Any CPU
		{72ACC42E-7808-407C-9B3C-980083F47C73}.Release|Any CPU.Build.0 = Release|Any CPU
		{D004005D-59E3-4947-9FB3-749F90F50587}.Debug|Any CPU.ActiveCfg = Debug|Any CPU
		{D004005D-59E3-4947-9FB3-749F90F50587}.Debug|Any CPU.Build.0 = Debug|Any CPU
		{D004005D-59E3-4947-9FB3-749F90F50587}.Release|Any CPU.ActiveCfg = Release|Any CPU
		{D004005D-59E3-4947-9FB3-749F90F50587}.Release|Any CPU.Build.0 = Release|Any CPU
		{1DFF5A47-C7BF-4DD8-8C66-3203B9BF42FD}.Debug|Any CPU.ActiveCfg = Debug|Any CPU
		{1DFF5A47-C7BF-4DD8-8C66-3203B9BF42FD}.Debug|Any CPU.Build.0 = Debug|Any CPU
		{1DFF5A47-C7BF-4DD8-8C66-3203B9BF42FD}.Release|Any CPU.ActiveCfg = Release|Any CPU
		{1DFF5A47-C7BF-4DD8-8C66-3203B9BF42FD}.Release|Any CPU.Build.0 = Release|Any CPU
		{13E4AA58-2D93-4677-B1FC-BC0F4F4B6A66}.Debug|Any CPU.ActiveCfg = Debug|Any CPU
		{13E4AA58-2D93-4677-B1FC-BC0F4F4B6A66}.Debug|Any CPU.Build.0 = Debug|Any CPU
		{13E4AA58-2D93-4677-B1FC-BC0F4F4B6A66}.Release|Any CPU.ActiveCfg = Release|Any CPU
		{13E4AA58-2D93-4677-B1FC-BC0F4F4B6A66}.Release|Any CPU.Build.0 = Release|Any CPU
	EndGlobalSection
	GlobalSection(SolutionProperties) = preSolution
		HideSolutionNode = FALSE
	EndGlobalSection
	GlobalSection(NestedProjects) = preSolution
		{43F1AAE0-2D7F-412A-857D-CE3CE8B5E0C2} = {517DF60D-A6F7-4AD9-8EC3-7239CB6A18F6}
		{6AFF1C2B-CA33-4144-901E-15B7DF5BD50D} = {15F07032-3245-47A8-B9C2-821256EBC784}
		{ADB114D7-4303-496D-AB7E-84A970A07A23} = {F6254238-373C-49CF-9538-EC4C0FEDE15D}
		{784F14BA-E87E-4CD3-8FD2-3762A1324A4A} = {7028FF97-5247-4D99-B0C3-49CD42E56186}
		{AC39CB11-E5E2-4A8A-9DE7-56AB134E0399} = {CA23D103-3D24-4CA3-961F-091028FB69A1}
		{AA2C3E1C-43A7-4935-A6FA-42B0C7DF58FD} = {517DF60D-A6F7-4AD9-8EC3-7239CB6A18F6}
		{C4E96365-6E63-4EAA-987E-BEA64208FCF3} = {517DF60D-A6F7-4AD9-8EC3-7239CB6A18F6}
		{72ACC42E-7808-407C-9B3C-980083F47C73} = {F6254238-373C-49CF-9538-EC4C0FEDE15D}
		{D004005D-59E3-4947-9FB3-749F90F50587} = {15F07032-3245-47A8-B9C2-821256EBC784}
		{1DFF5A47-C7BF-4DD8-8C66-3203B9BF42FD} = {7028FF97-5247-4D99-B0C3-49CD42E56186}
		{13E4AA58-2D93-4677-B1FC-BC0F4F4B6A66} = {15F07032-3245-47A8-B9C2-821256EBC784}
	EndGlobalSection
	GlobalSection(ExtensibilityGlobals) = postSolution
		SolutionGuid = {D4FD3932-6464-4A8B-A04C-5E9E3E93FB2D}
	EndGlobalSection
EndGlobal
