
Microsoft Visual Studio Solution File, Format Version 12.00
# Visual Studio 15
VisualStudioVersion = 15.0.27703.2026
MinimumVisualStudioVersion = 10.0.40219.1
Project("{9A19103F-16F7-4668-BE54-9A1E7A4F7556}") = "ScrumPm", "ScrumPm\ScrumPm.csproj", "{43F1AAE0-2D7F-412A-857D-CE3CE8B5E0C2}"
EndProject
Project("{9A19103F-16F7-4668-BE54-9A1E7A4F7556}") = "ScrumPm.Domain", "ScrumPm.Domain\ScrumPm.Domain.csproj", "{6AFF1C2B-CA33-4144-901E-15B7DF5BD50D}"
EndProject
Project("{9A19103F-16F7-4668-BE54-9A1E7A4F7556}") = "ScrumPm.Application", "ScrumPm.Application\ScrumPm.Application.csproj", "{ADB114D7-4303-496D-AB7E-84A970A07A23}"
EndProject
Project("{9A19103F-16F7-4668-BE54-9A1E7A4F7556}") = "ScrumPm.Persistence", "ScrumPm.Persistance\ScrumPm.Persistence.csproj", "{784F14BA-E87E-4CD3-8FD2-3762A1324A4A}"
EndProject
Project("{9A19103F-16F7-4668-BE54-9A1E7A4F7556}") = "ScrumPm.Common.Logging", "ScrumPm.Common.Logging\ScrumPm.Common.Logging.csproj", "{AC39CB11-E5E2-4A8A-9DE7-56AB134E0399}"
EndProject
Project("{9A19103F-16F7-4668-BE54-9A1E7A4F7556}") = "ScrumPmApi", "ScrumPmApi\ScrumPmApi.csproj", "{AA2C3E1C-43A7-4935-A6FA-42B0C7DF58FD}"
EndProject
Project("{9A19103F-16F7-4668-BE54-9A1E7A4F7556}") = "ScrumPm.AspNetCore.Common", "ScrumPm.AspNetCore.Common\ScrumPm.AspNetCore.Common.csproj", "{C4E96365-6E63-4EAA-987E-BEA64208FCF3}"
EndProject
Project("{9A19103F-16F7-4668-BE54-9A1E7A4F7556}") = "ScrumPm.Domain.Common", "ScrumPm.Domain.Common\ScrumPm.Domain.Common.csproj", "{726C4585-125D-4A27-8671-1F8A1A5B3200}"
EndProject
Project("{FAE04EC0-301F-11D3-BF4B-00C04F79EFBC}") = "ScrumPm.Application.Tests.Unit", "ScrumPm.Application.Tests.Unit\ScrumPm.Application.Tests.Unit.csproj", "{B434B291-9D89-4A4B-9AA4-881EF203575A}"
EndProject
Global
	GlobalSection(SolutionConfigurationPlatforms) = preSolution
		Debug|Any CPU = Debug|Any CPU
		Debug|x86 = Debug|x86
		Release|Any CPU = Release|Any CPU
		Release|x86 = Release|x86
	EndGlobalSection
	GlobalSection(ProjectConfigurationPlatforms) = postSolution
		{43F1AAE0-2D7F-412A-857D-CE3CE8B5E0C2}.Debug|Any CPU.ActiveCfg = Debug|Any CPU
		{43F1AAE0-2D7F-412A-857D-CE3CE8B5E0C2}.Debug|Any CPU.Build.0 = Debug|Any CPU
		{43F1AAE0-2D7F-412A-857D-CE3CE8B5E0C2}.Debug|x86.ActiveCfg = Debug|Any CPU
		{43F1AAE0-2D7F-412A-857D-CE3CE8B5E0C2}.Debug|x86.Build.0 = Debug|Any CPU
		{43F1AAE0-2D7F-412A-857D-CE3CE8B5E0C2}.Release|Any CPU.ActiveCfg = Release|Any CPU
		{43F1AAE0-2D7F-412A-857D-CE3CE8B5E0C2}.Release|Any CPU.Build.0 = Release|Any CPU
		{43F1AAE0-2D7F-412A-857D-CE3CE8B5E0C2}.Release|x86.ActiveCfg = Release|Any CPU
		{43F1AAE0-2D7F-412A-857D-CE3CE8B5E0C2}.Release|x86.Build.0 = Release|Any CPU
		{6AFF1C2B-CA33-4144-901E-15B7DF5BD50D}.Debug|Any CPU.ActiveCfg = Debug|Any CPU
		{6AFF1C2B-CA33-4144-901E-15B7DF5BD50D}.Debug|Any CPU.Build.0 = Debug|Any CPU
		{6AFF1C2B-CA33-4144-901E-15B7DF5BD50D}.Debug|x86.ActiveCfg = Debug|Any CPU
		{6AFF1C2B-CA33-4144-901E-15B7DF5BD50D}.Debug|x86.Build.0 = Debug|Any CPU
		{6AFF1C2B-CA33-4144-901E-15B7DF5BD50D}.Release|Any CPU.ActiveCfg = Release|Any CPU
		{6AFF1C2B-CA33-4144-901E-15B7DF5BD50D}.Release|Any CPU.Build.0 = Release|Any CPU
		{6AFF1C2B-CA33-4144-901E-15B7DF5BD50D}.Release|x86.ActiveCfg = Release|Any CPU
		{6AFF1C2B-CA33-4144-901E-15B7DF5BD50D}.Release|x86.Build.0 = Release|Any CPU
		{ADB114D7-4303-496D-AB7E-84A970A07A23}.Debug|Any CPU.ActiveCfg = Debug|Any CPU
		{ADB114D7-4303-496D-AB7E-84A970A07A23}.Debug|Any CPU.Build.0 = Debug|Any CPU
		{ADB114D7-4303-496D-AB7E-84A970A07A23}.Debug|x86.ActiveCfg = Debug|Any CPU
		{ADB114D7-4303-496D-AB7E-84A970A07A23}.Debug|x86.Build.0 = Debug|Any CPU
		{ADB114D7-4303-496D-AB7E-84A970A07A23}.Release|Any CPU.ActiveCfg = Release|Any CPU
		{ADB114D7-4303-496D-AB7E-84A970A07A23}.Release|Any CPU.Build.0 = Release|Any CPU
		{ADB114D7-4303-496D-AB7E-84A970A07A23}.Release|x86.ActiveCfg = Release|Any CPU
		{ADB114D7-4303-496D-AB7E-84A970A07A23}.Release|x86.Build.0 = Release|Any CPU
		{784F14BA-E87E-4CD3-8FD2-3762A1324A4A}.Debug|Any CPU.ActiveCfg = Debug|Any CPU
		{784F14BA-E87E-4CD3-8FD2-3762A1324A4A}.Debug|Any CPU.Build.0 = Debug|Any CPU
		{784F14BA-E87E-4CD3-8FD2-3762A1324A4A}.Debug|x86.ActiveCfg = Debug|Any CPU
		{784F14BA-E87E-4CD3-8FD2-3762A1324A4A}.Debug|x86.Build.0 = Debug|Any CPU
		{784F14BA-E87E-4CD3-8FD2-3762A1324A4A}.Release|Any CPU.ActiveCfg = Release|Any CPU
		{784F14BA-E87E-4CD3-8FD2-3762A1324A4A}.Release|Any CPU.Build.0 = Release|Any CPU
		{784F14BA-E87E-4CD3-8FD2-3762A1324A4A}.Release|x86.ActiveCfg = Release|Any CPU
		{784F14BA-E87E-4CD3-8FD2-3762A1324A4A}.Release|x86.Build.0 = Release|Any CPU
		{AC39CB11-E5E2-4A8A-9DE7-56AB134E0399}.Debug|Any CPU.ActiveCfg = Debug|Any CPU
		{AC39CB11-E5E2-4A8A-9DE7-56AB134E0399}.Debug|Any CPU.Build.0 = Debug|Any CPU
		{AC39CB11-E5E2-4A8A-9DE7-56AB134E0399}.Debug|x86.ActiveCfg = Debug|Any CPU
		{AC39CB11-E5E2-4A8A-9DE7-56AB134E0399}.Debug|x86.Build.0 = Debug|Any CPU
		{AC39CB11-E5E2-4A8A-9DE7-56AB134E0399}.Release|Any CPU.ActiveCfg = Release|Any CPU
		{AC39CB11-E5E2-4A8A-9DE7-56AB134E0399}.Release|Any CPU.Build.0 = Release|Any CPU
		{AC39CB11-E5E2-4A8A-9DE7-56AB134E0399}.Release|x86.ActiveCfg = Release|Any CPU
		{AC39CB11-E5E2-4A8A-9DE7-56AB134E0399}.Release|x86.Build.0 = Release|Any CPU
		{AA2C3E1C-43A7-4935-A6FA-42B0C7DF58FD}.Debug|Any CPU.ActiveCfg = Debug|Any CPU
		{AA2C3E1C-43A7-4935-A6FA-42B0C7DF58FD}.Debug|Any CPU.Build.0 = Debug|Any CPU
		{AA2C3E1C-43A7-4935-A6FA-42B0C7DF58FD}.Debug|x86.ActiveCfg = Debug|Any CPU
		{AA2C3E1C-43A7-4935-A6FA-42B0C7DF58FD}.Debug|x86.Build.0 = Debug|Any CPU
		{AA2C3E1C-43A7-4935-A6FA-42B0C7DF58FD}.Release|Any CPU.ActiveCfg = Release|Any CPU
		{AA2C3E1C-43A7-4935-A6FA-42B0C7DF58FD}.Release|Any CPU.Build.0 = Release|Any CPU
		{AA2C3E1C-43A7-4935-A6FA-42B0C7DF58FD}.Release|x86.ActiveCfg = Release|Any CPU
		{AA2C3E1C-43A7-4935-A6FA-42B0C7DF58FD}.Release|x86.Build.0 = Release|Any CPU
		{C4E96365-6E63-4EAA-987E-BEA64208FCF3}.Debug|Any CPU.ActiveCfg = Debug|Any CPU
		{C4E96365-6E63-4EAA-987E-BEA64208FCF3}.Debug|Any CPU.Build.0 = Debug|Any CPU
		{C4E96365-6E63-4EAA-987E-BEA64208FCF3}.Debug|x86.ActiveCfg = Debug|Any CPU
		{C4E96365-6E63-4EAA-987E-BEA64208FCF3}.Debug|x86.Build.0 = Debug|Any CPU
		{C4E96365-6E63-4EAA-987E-BEA64208FCF3}.Release|Any CPU.ActiveCfg = Release|Any CPU
		{C4E96365-6E63-4EAA-987E-BEA64208FCF3}.Release|Any CPU.Build.0 = Release|Any CPU
		{C4E96365-6E63-4EAA-987E-BEA64208FCF3}.Release|x86.ActiveCfg = Release|Any CPU
		{C4E96365-6E63-4EAA-987E-BEA64208FCF3}.Release|x86.Build.0 = Release|Any CPU
		{726C4585-125D-4A27-8671-1F8A1A5B3200}.Debug|Any CPU.ActiveCfg = Debug|Any CPU
		{726C4585-125D-4A27-8671-1F8A1A5B3200}.Debug|Any CPU.Build.0 = Debug|Any CPU
		{726C4585-125D-4A27-8671-1F8A1A5B3200}.Debug|x86.ActiveCfg = Debug|Any CPU
		{726C4585-125D-4A27-8671-1F8A1A5B3200}.Debug|x86.Build.0 = Debug|Any CPU
		{726C4585-125D-4A27-8671-1F8A1A5B3200}.Release|Any CPU.ActiveCfg = Release|Any CPU
		{726C4585-125D-4A27-8671-1F8A1A5B3200}.Release|Any CPU.Build.0 = Release|Any CPU
		{726C4585-125D-4A27-8671-1F8A1A5B3200}.Release|x86.ActiveCfg = Release|Any CPU
		{726C4585-125D-4A27-8671-1F8A1A5B3200}.Release|x86.Build.0 = Release|Any CPU
		{B434B291-9D89-4A4B-9AA4-881EF203575A}.Debug|Any CPU.ActiveCfg = Debug|Any CPU
		{B434B291-9D89-4A4B-9AA4-881EF203575A}.Debug|Any CPU.Build.0 = Debug|Any CPU
		{B434B291-9D89-4A4B-9AA4-881EF203575A}.Debug|x86.ActiveCfg = Debug|Any CPU
		{B434B291-9D89-4A4B-9AA4-881EF203575A}.Debug|x86.Build.0 = Debug|Any CPU
		{B434B291-9D89-4A4B-9AA4-881EF203575A}.Release|Any CPU.ActiveCfg = Release|Any CPU
		{B434B291-9D89-4A4B-9AA4-881EF203575A}.Release|Any CPU.Build.0 = Release|Any CPU
		{B434B291-9D89-4A4B-9AA4-881EF203575A}.Release|x86.ActiveCfg = Release|Any CPU
		{B434B291-9D89-4A4B-9AA4-881EF203575A}.Release|x86.Build.0 = Release|Any CPU
	EndGlobalSection
	GlobalSection(SolutionProperties) = preSolution
		HideSolutionNode = FALSE
	EndGlobalSection
	GlobalSection(ExtensibilityGlobals) = postSolution
		SolutionGuid = {D4FD3932-6464-4A8B-A04C-5E9E3E93FB2D}
	EndGlobalSection
EndGlobal
